
Microsoft Visual Studio Solution File, Format Version 12.00
# Visual Studio Version 16
VisualStudioVersion = 16.0.29306.81
MinimumVisualStudioVersion = 10.0.40219.1
Project("{FAE04EC0-301F-11D3-BF4B-00C04F79EFBC}") = "PontoDeVenda", "WindowsFormsApp2\PontoDeVenda.csproj", "{415FBEE7-4AE2-4B3C-A7C9-FA344757FA43}"
EndProject
Project("{54435603-DBB4-11D2-8724-00A0C9A8B90C}") = "Setup", "Setup\Setup.vdproj", "{3E830518-8E29-4080-9886-D6D38CA9F1DB}"
EndProject
Global
	GlobalSection(SolutionConfigurationPlatforms) = preSolution
		Debug|Any CPU = Debug|Any CPU
		Release|Any CPU = Release|Any CPU
	EndGlobalSection
	GlobalSection(ProjectConfigurationPlatforms) = postSolution
		{415FBEE7-4AE2-4B3C-A7C9-FA344757FA43}.Debug|Any CPU.ActiveCfg = Debug|Any CPU
		{415FBEE7-4AE2-4B3C-A7C9-FA344757FA43}.Debug|Any CPU.Build.0 = Debug|Any CPU
		{415FBEE7-4AE2-4B3C-A7C9-FA344757FA43}.Release|Any CPU.ActiveCfg = Release|Any CPU
		{415FBEE7-4AE2-4B3C-A7C9-FA344757FA43}.Release|Any CPU.Build.0 = Release|Any CPU
		{3E830518-8E29-4080-9886-D6D38CA9F1DB}.Debug|Any CPU.ActiveCfg = Debug
		{3E830518-8E29-4080-9886-D6D38CA9F1DB}.Release|Any CPU.ActiveCfg = Release
	EndGlobalSection
	GlobalSection(SolutionProperties) = preSolution
		HideSolutionNode = FALSE
	EndGlobalSection
	GlobalSection(ExtensibilityGlobals) = postSolution
		SolutionGuid = {992AD1DC-A443-498D-AE8B-652040939677}
	EndGlobalSection
EndGlobal
